// !$*UTF8*$!
{
	archiveVersion = 1;
	classes = {
	};
	objectVersion = 46;
	objects = {

/* Begin PBXBuildFile section */
		676AF1F31E27C0EF00C51312 /* AppDelegate.swift in Sources */ = {isa = PBXBuildFile; fileRef = 676AF1F21E27C0EF00C51312 /* AppDelegate.swift */; };
		676AF1F51E27C0EF00C51312 /* ViewController.swift in Sources */ = {isa = PBXBuildFile; fileRef = 676AF1F41E27C0EF00C51312 /* ViewController.swift */; };
		676AF1F81E27C0EF00C51312 /* Main.storyboard in Resources */ = {isa = PBXBuildFile; fileRef = 676AF1F61E27C0EF00C51312 /* Main.storyboard */; };
		676AF1FA1E27C0EF00C51312 /* Assets.xcassets in Resources */ = {isa = PBXBuildFile; fileRef = 676AF1F91E27C0EF00C51312 /* Assets.xcassets */; };
		676AF1FD1E27C0EF00C51312 /* LaunchScreen.storyboard in Resources */ = {isa = PBXBuildFile; fileRef = 676AF1FB1E27C0EF00C51312 /* LaunchScreen.storyboard */; };
		676AF2051E27C42F00C51312 /* pokemon.csv in Resources */ = {isa = PBXBuildFile; fileRef = 676AF2041E27C42F00C51312 /* pokemon.csv */; };
/* End PBXBuildFile section */

/* Begin PBXFileReference section */
		676AF1EF1E27C0EF00C51312 /* Pokedex.app */ = {isa = PBXFileReference; explicitFileType = wrapper.application; includeInIndex = 0; path = Pokedex.app; sourceTree = BUILT_PRODUCTS_DIR; };
		676AF1F21E27C0EF00C51312 /* AppDelegate.swift */ = {isa = PBXFileReference; lastKnownFileType = sourcecode.swift; path = AppDelegate.swift; sourceTree = "<group>"; };
		676AF1F41E27C0EF00C51312 /* ViewController.swift */ = {isa = PBXFileReference; lastKnownFileType = sourcecode.swift; path = ViewController.swift; sourceTree = "<group>"; };
		676AF1F71E27C0EF00C51312 /* Base */ = {isa = PBXFileReference; lastKnownFileType = file.storyboard; name = Base; path = Base.lproj/Main.storyboard; sourceTree = "<group>"; };
		676AF1F91E27C0EF00C51312 /* Assets.xcassets */ = {isa = PBXFileReference; lastKnownFileType = folder.assetcatalog; path = Assets.xcassets; sourceTree = "<group>"; };
		676AF1FC1E27C0EF00C51312 /* Base */ = {isa = PBXFileReference; lastKnownFileType = file.storyboard; name = Base; path = Base.lproj/LaunchScreen.storyboard; sourceTree = "<group>"; };
		676AF1FE1E27C0EF00C51312 /* Info.plist */ = {isa = PBXFileReference; lastKnownFileType = text.plist.xml; path = Info.plist; sourceTree = "<group>"; };
		676AF2041E27C42F00C51312 /* pokemon.csv */ = {isa = PBXFileReference; fileEncoding = 4; lastKnownFileType = text; path = pokemon.csv; sourceTree = "<group>"; };
/* End PBXFileReference section */

/* Begin PBXFrameworksBuildPhase section */
		676AF1EC1E27C0EF00C51312 /* Frameworks */ = {
			isa = PBXFrameworksBuildPhase;
			buildActionMask = 2147483647;
			files = (
			);
			runOnlyForDeploymentPostprocessing = 0;
		};
/* End PBXFrameworksBuildPhase section */

/* Begin PBXGroup section */
		676AF1E61E27C0EF00C51312 = {
			isa = PBXGroup;
			children = (
				676AF1F11E27C0EF00C51312 /* Pokedex */,
				676AF1F01E27C0EF00C51312 /* Products */,
			);
			sourceTree = "<group>";
		};
		676AF1F01E27C0EF00C51312 /* Products */ = {
			isa = PBXGroup;
			children = (
				676AF1EF1E27C0EF00C51312 /* Pokedex.app */,
			);
			name = Products;
			sourceTree = "<group>";
		};
		676AF1F11E27C0EF00C51312 /* Pokedex */ = {
			isa = PBXGroup;
			children = (
				676AF1F21E27C0EF00C51312 /* AppDelegate.swift */,
				676AF1F41E27C0EF00C51312 /* ViewController.swift */,
				676AF1F61E27C0EF00C51312 /* Main.storyboard */,
				676AF1F91E27C0EF00C51312 /* Assets.xcassets */,
				676AF2041E27C42F00C51312 /* pokemon.csv */,
				676AF1FB1E27C0EF00C51312 /* LaunchScreen.storyboard */,
				676AF1FE1E27C0EF00C51312 /* Info.plist */,
			);
			path = Pokedex;
			sourceTree = "<group>";
		};
/* End PBXGroup section */

/* Begin PBXNativeTarget section */
		676AF1EE1E27C0EF00C51312 /* Pokedex */ = {
			isa = PBXNativeTarget;
			buildConfigurationList = 676AF2011E27C0EF00C51312 /* Build configuration list for PBXNativeTarget "Pokedex" */;
			buildPhases = (
				676AF1EB1E27C0EF00C51312 /* Sources */,
				676AF1EC1E27C0EF00C51312 /* Frameworks */,
				676AF1ED1E27C0EF00C51312 /* Resources */,
			);
			buildRules = (
			);
			dependencies = (
			);
			name = Pokedex;
			productName = Pokedex;
			productReference = 676AF1EF1E27C0EF00C51312 /* Pokedex.app */;
			productType = "com.apple.product-type.application";
		};
/* End PBXNativeTarget section */

/* Begin PBXProject section */
		676AF1E71E27C0EF00C51312 /* Project object */ = {
			isa = PBXProject;
			attributes = {
				LastSwiftUpdateCheck = 0820;
				LastUpgradeCheck = 0820;
				ORGANIZATIONNAME = "Payman Bayat";
				TargetAttributes = {
					676AF1EE1E27C0EF00C51312 = {
						CreatedOnToolsVersion = 8.2;
						DevelopmentTeam = Y3UY2JGSK8;
						ProvisioningStyle = Automatic;
					};
				};
			};
			buildConfigurationList = 676AF1EA1E27C0EF00C51312 /* Build configuration list for PBXProject "Pokedex" */;
			compatibilityVersion = "Xcode 3.2";
			developmentRegion = English;
			hasScannedForEncodings = 0;
			knownRegions = (
				en,
				Base,
			);
			mainGroup = 676AF1E61E27C0EF00C51312;
			productRefGroup = 676AF1F01E27C0EF00C51312 /* Products */;
			projectDirPath = "";
			projectRoot = "";
			targets = (
				676AF1EE1E27C0EF00C51312 /* Pokedex */,
			);
		};
/* End PBXProject section */

/* Begin PBXResourcesBuildPhase section */
		676AF1ED1E27C0EF00C51312 /* Resources */ = {
			isa = PBXResourcesBuildPhase;
			buildActionMask = 2147483647;
			files = (
				676AF1FD1E27C0EF00C51312 /* LaunchScreen.storyboard in Resources */,
				676AF1FA1E27C0EF00C51312 /* Assets.xcassets in Resources */,
				676AF2051E27C42F00C51312 /* pokemon.csv in Resources */,
				676AF1F81E27C0EF00C51312 /* Main.storyboard in Resources */,
			);
			runOnlyForDeploymentPostprocessing = 0;
		};
/* End PBXResourcesBuildPhase section */

/* Begin PBXSourcesBuildPhase section */
		676AF1EB1E27C0EF00C51312 /* Sources */ = {
			isa = PBXSourcesBuildPhase;
			buildActionMask = 2147483647;
			files = (
				676AF1F51E27C0EF00C51312 /* ViewController.swift in Sources */,
				676AF1F31E27C0EF00C51312 /* AppDelegate.swift in Sources */,
			);
			runOnlyForDeploymentPostprocessing = 0;
		};
/* End PBXSourcesBuildPhase section */

/* Begin PBXVariantGroup section */
		676AF1F61E27C0EF00C51312 /* Main.storyboard */ = {
			isa = PBXVariantGroup;
			children = (
				676AF1F71E27C0EF00C51312 /* Base */,
			);
			name = Main.storyboard;
			sourceTree = "<group>";
		};
		676AF1FB1E27C0EF00C51312 /* LaunchScreen.storyboard */ = {
			isa = PBXVariantGroup;
			children = (
				676AF1FC1E27C0EF00C51312 /* Base */,
			);
			name = LaunchScreen.storyboard;
			sourceTree = "<group>";
		};
/* End PBXVariantGroup section */

/* Begin XCBuildConfiguration section */
		676AF1FF1E27C0EF00C51312 /* Debug */ = {
			isa = XCBuildConfiguration;
			buildSettings = {
				ALWAYS_SEARCH_USER_PATHS = NO;
				CLANG_ANALYZER_NONNULL = YES;
				CLANG_CXX_LANGUAGE_STANDARD = "gnu++0x";
				CLANG_CXX_LIBRARY = "libc++";
				CLANG_ENABLE_MODULES = YES;
				CLANG_ENABLE_OBJC_ARC = YES;
				CLANG_WARN_BOOL_CONVERSION = YES;
				CLANG_WARN_CONSTANT_CONVERSION = YES;
				CLANG_WARN_DIRECT_OBJC_ISA_USAGE = YES_ERROR;
				CLANG_WARN_DOCUMENTATION_COMMENTS = YES;
				CLANG_WARN_EMPTY_BODY = YES;
				CLANG_WARN_ENUM_CONVERSION = YES;
				CLANG_WARN_INFINITE_RECURSION = YES;
				CLANG_WARN_INT_CONVERSION = YES;
				CLANG_WARN_OBJC_ROOT_CLASS = YES_ERROR;
				CLANG_WARN_SUSPICIOUS_MOVE = YES;
				CLANG_WARN_UNREACHABLE_CODE = YES;
				CLANG_WARN__DUPLICATE_METHOD_MATCH = YES;
				"CODE_SIGN_IDENTITY[sdk=iphoneos*]" = "iPhone Developer";
				COPY_PHASE_STRIP = NO;
				DEBUG_INFORMATION_FORMAT = dwarf;
				ENABLE_STRICT_OBJC_MSGSEND = YES;
				ENABLE_TESTABILITY = YES;
				GCC_C_LANGUAGE_STANDARD = gnu99;
				GCC_DYNAMIC_NO_PIC = NO;
				GCC_NO_COMMON_BLOCKS = YES;
				GCC_OPTIMIZATION_LEVEL = 0;
				GCC_PREPROCESSOR_DEFINITIONS = (
					"DEBUG=1",
					"$(inherited)",
				);
				GCC_WARN_64_TO_32_BIT_CONVERSION = YES;
				GCC_WARN_ABOUT_RETURN_TYPE = YES_ERROR;
				GCC_WARN_UNDECLARED_SELECTOR = YES;
				GCC_WARN_UNINITIALIZED_AUTOS = YES_AGGRESSIVE;
				GCC_WARN_UNUSED_FUNCTION = YES;
				GCC_WARN_UNUSED_VARIABLE = YES;
				IPHONEOS_DEPLOYMENT_TARGET = 10.2;
				MTL_ENABLE_DEBUG_INFO = YES;
				ONLY_ACTIVE_ARCH = YES;
				SDKROOT = iphoneos;
				SWIFT_ACTIVE_COMPILATION_CONDITIONS = DEBUG;
				SWIFT_OPTIMIZATION_LEVEL = "-Onone";
				TARGETED_DEVICE_FAMILY = "1,2";
			};
			name = Debug;
		};
		676AF2001E27C0EF00C51312 /* Release */ = {
			isa = XCBuildConfiguration;
			buildSettings = {
				ALWAYS_SEARCH_USER_PATHS = NO;
				CLANG_ANALYZER_NONNULL = YES;
				CLANG_CXX_LANGUAGE_STANDARD = "gnu++0x";
				CLANG_CXX_LIBRARY = "libc++";
				CLANG_ENABLE_MODULES = YES;
				CLANG_ENABLE_OBJC_ARC = YES;
				CLANG_WARN_BOOL_CONVERSION = YES;
				CLANG_WARN_CONSTANT_CONVERSION = YES;
				CLANG_WARN_DIRECT_OBJC_ISA_USAGE = YES_ERROR;
				CLANG_WARN_DOCUMENTATION_COMMENTS = YES;
				CLANG_WARN_EMPTY_BODY = YES;
				CLANG_WARN_ENUM_CONVERSION = YES;
				CLANG_WARN_INFINITE_RECURSION = YES;
				CLANG_WARN_INT_CONVERSION = YES;
				CLANG_WARN_OBJC_ROOT_CLASS = YES_ERROR;
				CLANG_WARN_SUSPICIOUS_MOVE = YES;
				CLANG_WARN_UNREACHABLE_CODE = YES;
				CLANG_WARN__DUPLICATE_METHOD_MATCH = YES;
				"CODE_SIGN_IDENTITY[sdk=iphoneos*]" = "iPhone Developer";
				COPY_PHASE_STRIP = NO;
				DEBUG_INFORMATION_FORMAT = "dwarf-with-dsym";
				ENABLE_NS_ASSERTIONS = NO;
				ENABLE_STRICT_OBJC_MSGSEND = YES;
				GCC_C_LANGUAGE_STANDARD = gnu99;
				GCC_NO_COMMON_BLOCKS = YES;
				GCC_WARN_64_TO_32_BIT_CONVERSION = YES;
				GCC_WARN_ABOUT_RETURN_TYPE = YES_ERROR;
				GCC_WARN_UNDECLARED_SELECTOR = YES;
				GCC_WARN_UNINITIALIZED_AUTOS = YES_AGGRESSIVE;
				GCC_WARN_UNUSED_FUNCTION = YES;
				GCC_WARN_UNUSED_VARIABLE = YES;
				IPHONEOS_DEPLOYMENT_TARGET = 10.2;
				MTL_ENABLE_DEBUG_INFO = NO;
				SDKROOT = iphoneos;
				SWIFT_OPTIMIZATION_LEVEL = "-Owholemodule";
				TARGETED_DEVICE_FAMILY = "1,2";
				VALIDATE_PRODUCT = YES;
			};
			name = Release;
		};
		676AF2021E27C0EF00C51312 /* Debug */ = {
			isa = XCBuildConfiguration;
			buildSettings = {
				ASSETCATALOG_COMPILER_APPICON_NAME = AppIcon;
				DEVELOPMENT_TEAM = Y3UY2JGSK8;
				INFOPLIST_FILE = Pokedex/Info.plist;
				LD_RUNPATH_SEARCH_PATHS = "$(inherited) @executable_path/Frameworks";
				PRODUCT_BUNDLE_IDENTIFIER = com.paymanbayat.Pokedex;
				PRODUCT_NAME = "$(TARGET_NAME)";
				SWIFT_VERSION = 3.0;
			};
			name = Debug;
		};
		676AF2031E27C0EF00C51312 /* Release */ = {
			isa = XCBuildConfiguration;
			buildSettings = {
				ASSETCATALOG_COMPILER_APPICON_NAME = AppIcon;
				DEVELOPMENT_TEAM = Y3UY2JGSK8;
				INFOPLIST_FILE = Pokedex/Info.plist;
				LD_RUNPATH_SEARCH_PATHS = "$(inherited) @executable_path/Frameworks";
				PRODUCT_BUNDLE_IDENTIFIER = com.paymanbayat.Pokedex;
				PRODUCT_NAME = "$(TARGET_NAME)";
				SWIFT_VERSION = 3.0;
			};
			name = Release;
		};
/* End XCBuildConfiguration section */

/* Begin XCConfigurationList section */
		676AF1EA1E27C0EF00C51312 /* Build configuration list for PBXProject "Pokedex" */ = {
			isa = XCConfigurationList;
			buildConfigurations = (
				676AF1FF1E27C0EF00C51312 /* Debug */,
				676AF2001E27C0EF00C51312 /* Release */,
			);
			defaultConfigurationIsVisible = 0;
			defaultConfigurationName = Release;
		};
		676AF2011E27C0EF00C51312 /* Build configuration list for PBXNativeTarget "Pokedex" */ = {
			isa = XCConfigurationList;
			buildConfigurations = (
				676AF2021E27C0EF00C51312 /* Debug */,
				676AF2031E27C0EF00C51312 /* Release */,
			);
			defaultConfigurationIsVisible = 0;
		};
/* End XCConfigurationList section */
	};
	rootObject = 676AF1E71E27C0EF00C51312 /* Project object */;
}
